// !$*UTF8*$!
{
	archiveVersion = 1;
	classes = {
	};
	objectVersion = 51;
	objects = {

/* Begin PBXBuildFile section */
		12E51D3E0E4BA4C5681299D6 /* Pods_Todoey.framework in Frameworks */ = {isa = PBXBuildFile; fileRef = CFB4966491089185A13B631F /* Pods_Todoey.framework */; };
		49264AB32329408700EE1F56 /* AppDelegate.swift in Sources */ = {isa = PBXBuildFile; fileRef = 49264AB22329408700EE1F56 /* AppDelegate.swift */; };
		49264AB52329408700EE1F56 /* TodoListViewController.swift in Sources */ = {isa = PBXBuildFile; fileRef = 49264AB42329408700EE1F56 /* TodoListViewController.swift */; };
		49264AB82329408700EE1F56 /* Main.storyboard in Resources */ = {isa = PBXBuildFile; fileRef = 49264AB62329408700EE1F56 /* Main.storyboard */; };
		49264ABA2329408800EE1F56 /* Assets.xcassets in Resources */ = {isa = PBXBuildFile; fileRef = 49264AB92329408800EE1F56 /* Assets.xcassets */; };
		49264ABD2329408800EE1F56 /* LaunchScreen.storyboard in Resources */ = {isa = PBXBuildFile; fileRef = 49264ABB2329408800EE1F56 /* LaunchScreen.storyboard */; };
		49A83952232DD5F3001CA21C /* SwipeTableViewController.swift in Sources */ = {isa = PBXBuildFile; fileRef = 49A83951232DD5F3001CA21C /* SwipeTableViewController.swift */; };
		49AF81ED232D76F50093C355 /* Item.swift in Sources */ = {isa = PBXBuildFile; fileRef = 49AF81EC232D76F50093C355 /* Item.swift */; };
		49AF81EF232D77080093C355 /* Category.swift in Sources */ = {isa = PBXBuildFile; fileRef = 49AF81EE232D77080093C355 /* Category.swift */; };
		49E62667232C7F9200D0EBEB /* CategoryViewController.swift in Sources */ = {isa = PBXBuildFile; fileRef = 49E62666232C7F9200D0EBEB /* CategoryViewController.swift */; };
/* End PBXBuildFile section */

/* Begin PBXFileReference section */
		49264AAF2329408700EE1F56 /* Todoey.app */ = {isa = PBXFileReference; explicitFileType = wrapper.application; includeInIndex = 0; path = Todoey.app; sourceTree = BUILT_PRODUCTS_DIR; };
		49264AB22329408700EE1F56 /* AppDelegate.swift */ = {isa = PBXFileReference; lastKnownFileType = sourcecode.swift; path = AppDelegate.swift; sourceTree = "<group>"; };
		49264AB42329408700EE1F56 /* TodoListViewController.swift */ = {isa = PBXFileReference; lastKnownFileType = sourcecode.swift; path = TodoListViewController.swift; sourceTree = "<group>"; };
		49264AB72329408700EE1F56 /* Base */ = {isa = PBXFileReference; lastKnownFileType = file.storyboard; name = Base; path = Base.lproj/Main.storyboard; sourceTree = "<group>"; };
		49264AB92329408800EE1F56 /* Assets.xcassets */ = {isa = PBXFileReference; lastKnownFileType = folder.assetcatalog; path = Assets.xcassets; sourceTree = "<group>"; };
		49264ABC2329408800EE1F56 /* Base */ = {isa = PBXFileReference; lastKnownFileType = file.storyboard; name = Base; path = Base.lproj/LaunchScreen.storyboard; sourceTree = "<group>"; };
		49264ABE2329408800EE1F56 /* Info.plist */ = {isa = PBXFileReference; lastKnownFileType = text.plist.xml; path = Info.plist; sourceTree = "<group>"; };
		49A83951232DD5F3001CA21C /* SwipeTableViewController.swift */ = {isa = PBXFileReference; lastKnownFileType = sourcecode.swift; path = SwipeTableViewController.swift; sourceTree = "<group>"; };
		49AF81EC232D76F50093C355 /* Item.swift */ = {isa = PBXFileReference; lastKnownFileType = sourcecode.swift; path = Item.swift; sourceTree = "<group>"; };
		49AF81EE232D77080093C355 /* Category.swift */ = {isa = PBXFileReference; lastKnownFileType = sourcecode.swift; path = Category.swift; sourceTree = "<group>"; };
		49E62666232C7F9200D0EBEB /* CategoryViewController.swift */ = {isa = PBXFileReference; lastKnownFileType = sourcecode.swift; name = CategoryViewController.swift; path = Todoey/Controllers/CategoryViewController.swift; sourceTree = SOURCE_ROOT; };
		7737FC4ED393D5DE3019CA2E /* Pods-Todoey.debug.xcconfig */ = {isa = PBXFileReference; includeInIndex = 1; lastKnownFileType = text.xcconfig; name = "Pods-Todoey.debug.xcconfig"; path = "Target Support Files/Pods-Todoey/Pods-Todoey.debug.xcconfig"; sourceTree = "<group>"; };
		CA9448D9A3D5BFF5CA9D8BDE /* Pods-Todoey.release.xcconfig */ = {isa = PBXFileReference; includeInIndex = 1; lastKnownFileType = text.xcconfig; name = "Pods-Todoey.release.xcconfig"; path = "Target Support Files/Pods-Todoey/Pods-Todoey.release.xcconfig"; sourceTree = "<group>"; };
		CFB4966491089185A13B631F /* Pods_Todoey.framework */ = {isa = PBXFileReference; explicitFileType = wrapper.framework; includeInIndex = 0; path = Pods_Todoey.framework; sourceTree = BUILT_PRODUCTS_DIR; };
/* End PBXFileReference section */

/* Begin PBXFrameworksBuildPhase section */
		49264AAC2329408700EE1F56 /* Frameworks */ = {
			isa = PBXFrameworksBuildPhase;
			buildActionMask = 2147483647;
			files = (
				12E51D3E0E4BA4C5681299D6 /* Pods_Todoey.framework in Frameworks */,
			);
			runOnlyForDeploymentPostprocessing = 0;
		};
/* End PBXFrameworksBuildPhase section */

/* Begin PBXGroup section */
		328DB58690A55A12AD074AC8 /* Frameworks */ = {
			isa = PBXGroup;
			children = (
				CFB4966491089185A13B631F /* Pods_Todoey.framework */,
			);
			name = Frameworks;
			sourceTree = "<group>";
		};
		49264AA62329408700EE1F56 = {
			isa = PBXGroup;
			children = (
				49264AB12329408700EE1F56 /* Todoey */,
				49264AB02329408700EE1F56 /* Products */,
				9DCC458EBFA7E101A8E2E13C /* Pods */,
				328DB58690A55A12AD074AC8 /* Frameworks */,
			);
			sourceTree = "<group>";
		};
		49264AB02329408700EE1F56 /* Products */ = {
			isa = PBXGroup;
			children = (
				49264AAF2329408700EE1F56 /* Todoey.app */,
			);
			name = Products;
			sourceTree = "<group>";
		};
		49264AB12329408700EE1F56 /* Todoey */ = {
			isa = PBXGroup;
			children = (
				49264AB22329408700EE1F56 /* AppDelegate.swift */,
				49264AC82329AEF900EE1F56 /* Data Model */,
				49264ACA2329AF6800EE1F56 /* Controllers */,
				49264ACB2329AF7B00EE1F56 /* Views */,
				49264ACC2329AFBA00EE1F56 /* Supporting Files */,
				49264ABE2329408800EE1F56 /* Info.plist */,
			);
			path = Todoey;
			sourceTree = "<group>";
		};
		49264AC82329AEF900EE1F56 /* Data Model */ = {
			isa = PBXGroup;
			children = (
				49AF81EE232D77080093C355 /* Category.swift */,
				49AF81EC232D76F50093C355 /* Item.swift */,
			);
			path = "Data Model";
			sourceTree = "<group>";
		};
		49264ACA2329AF6800EE1F56 /* Controllers */ = {
			isa = PBXGroup;
			children = (
				49A83951232DD5F3001CA21C /* SwipeTableViewController.swift */,
				49E62666232C7F9200D0EBEB /* CategoryViewController.swift */,
				49264AB42329408700EE1F56 /* TodoListViewController.swift */,
			);
			path = Controllers;
			sourceTree = "<group>";
		};
		49264ACB2329AF7B00EE1F56 /* Views */ = {
			isa = PBXGroup;
			children = (
				49264AB62329408700EE1F56 /* Main.storyboard */,
			);
			path = Views;
			sourceTree = "<group>";
		};
		49264ACC2329AFBA00EE1F56 /* Supporting Files */ = {
			isa = PBXGroup;
			children = (
				49264ABB2329408800EE1F56 /* LaunchScreen.storyboard */,
				49264AB92329408800EE1F56 /* Assets.xcassets */,
			);
			path = "Supporting Files";
			sourceTree = "<group>";
		};
		9DCC458EBFA7E101A8E2E13C /* Pods */ = {
			isa = PBXGroup;
			children = (
				7737FC4ED393D5DE3019CA2E /* Pods-Todoey.debug.xcconfig */,
				CA9448D9A3D5BFF5CA9D8BDE /* Pods-Todoey.release.xcconfig */,
			);
			path = Pods;
			sourceTree = "<group>";
		};
/* End PBXGroup section */

/* Begin PBXNativeTarget section */
		49264AAE2329408700EE1F56 /* Todoey */ = {
			isa = PBXNativeTarget;
			buildConfigurationList = 49264AC12329408800EE1F56 /* Build configuration list for PBXNativeTarget "Todoey" */;
			buildPhases = (
				DFF5821BD884B5DBF885941D /* [CP] Check Pods Manifest.lock */,
				49264AAB2329408700EE1F56 /* Sources */,
				49264AAC2329408700EE1F56 /* Frameworks */,
				49264AAD2329408700EE1F56 /* Resources */,
				A8A6183A8CCA1EAAFCDDF146 /* [CP] Embed Pods Frameworks */,
			);
			buildRules = (
			);
			dependencies = (
			);
			name = Todoey;
			productName = Todoey;
			productReference = 49264AAF2329408700EE1F56 /* Todoey.app */;
			productType = "com.apple.product-type.application";
		};
/* End PBXNativeTarget section */

/* Begin PBXProject section */
		49264AA72329408700EE1F56 /* Project object */ = {
			isa = PBXProject;
			attributes = {
				LastSwiftUpdateCheck = 1020;
				LastUpgradeCheck = 1020;
				ORGANIZATIONNAME = "Annekatrin Dunkel";
				TargetAttributes = {
					49264AAE2329408700EE1F56 = {
						CreatedOnToolsVersion = 10.2.1;
					};
				};
			};
			buildConfigurationList = 49264AAA2329408700EE1F56 /* Build configuration list for PBXProject "Todoey" */;
			compatibilityVersion = "Xcode 9.3";
			developmentRegion = en;
			hasScannedForEncodings = 0;
			knownRegions = (
				en,
				Base,
			);
			mainGroup = 49264AA62329408700EE1F56;
			productRefGroup = 49264AB02329408700EE1F56 /* Products */;
			projectDirPath = "";
			projectRoot = "";
			targets = (
				49264AAE2329408700EE1F56 /* Todoey */,
			);
		};
/* End PBXProject section */

/* Begin PBXResourcesBuildPhase section */
		49264AAD2329408700EE1F56 /* Resources */ = {
			isa = PBXResourcesBuildPhase;
			buildActionMask = 2147483647;
			files = (
				49264ABD2329408800EE1F56 /* LaunchScreen.storyboard in Resources */,
				49264ABA2329408800EE1F56 /* Assets.xcassets in Resources */,
				49264AB82329408700EE1F56 /* Main.storyboard in Resources */,
			);
			runOnlyForDeploymentPostprocessing = 0;
		};
/* End PBXResourcesBuildPhase section */

/* Begin PBXShellScriptBuildPhase section */
		A8A6183A8CCA1EAAFCDDF146 /* [CP] Embed Pods Frameworks */ = {
			isa = PBXShellScriptBuildPhase;
			buildActionMask = 2147483647;
			files = (
			);
			inputFileListPaths = (
				"${PODS_ROOT}/Target Support Files/Pods-Todoey/Pods-Todoey-frameworks-${CONFIGURATION}-input-files.xcfilelist",
			);
			name = "[CP] Embed Pods Frameworks";
			outputFileListPaths = (
				"${PODS_ROOT}/Target Support Files/Pods-Todoey/Pods-Todoey-frameworks-${CONFIGURATION}-output-files.xcfilelist",
			);
			runOnlyForDeploymentPostprocessing = 0;
			shellPath = /bin/sh;
			shellScript = "\"${PODS_ROOT}/Target Support Files/Pods-Todoey/Pods-Todoey-frameworks.sh\"\n";
			showEnvVarsInLog = 0;
		};
		DFF5821BD884B5DBF885941D /* [CP] Check Pods Manifest.lock */ = {
			isa = PBXShellScriptBuildPhase;
			buildActionMask = 2147483647;
			files = (
			);
			inputFileListPaths = (
			);
			inputPaths = (
				"${PODS_PODFILE_DIR_PATH}/Podfile.lock",
				"${PODS_ROOT}/Manifest.lock",
			);
			name = "[CP] Check Pods Manifest.lock";
			outputFileListPaths = (
			);
			outputPaths = (
				"$(DERIVED_FILE_DIR)/Pods-Todoey-checkManifestLockResult.txt",
			);
			runOnlyForDeploymentPostprocessing = 0;
			shellPath = /bin/sh;
			shellScript = "diff \"${PODS_PODFILE_DIR_PATH}/Podfile.lock\" \"${PODS_ROOT}/Manifest.lock\" > /dev/null\nif [ $? != 0 ] ; then\n    # print error to STDERR\n    echo \"error: The sandbox is not in sync with the Podfile.lock. Run 'pod install' or update your CocoaPods installation.\" >&2\n    exit 1\nfi\n# This output is used by Xcode 'outputs' to avoid re-running this script phase.\necho \"SUCCESS\" > \"${SCRIPT_OUTPUT_FILE_0}\"\n";
			showEnvVarsInLog = 0;
		};
/* End PBXShellScriptBuildPhase section */

/* Begin PBXSourcesBuildPhase section */
		49264AAB2329408700EE1F56 /* Sources */ = {
			isa = PBXSourcesBuildPhase;
			buildActionMask = 2147483647;
			files = (
				49AF81ED232D76F50093C355 /* Item.swift in Sources */,
				49E62667232C7F9200D0EBEB /* CategoryViewController.swift in Sources */,
				49264AB52329408700EE1F56 /* TodoListViewController.swift in Sources */,
				49264AB32329408700EE1F56 /* AppDelegate.swift in Sources */,
				49A83952232DD5F3001CA21C /* SwipeTableViewController.swift in Sources */,
				49AF81EF232D77080093C355 /* Category.swift in Sources */,
			);
			runOnlyForDeploymentPostprocessing = 0;
		};
/* End PBXSourcesBuildPhase section */

/* Begin PBXVariantGroup section */
		49264AB62329408700EE1F56 /* Main.storyboard */ = {
			isa = PBXVariantGroup;
			children = (
				49264AB72329408700EE1F56 /* Base */,
			);
			name = Main.storyboard;
			sourceTree = "<group>";
		};
		49264ABB2329408800EE1F56 /* LaunchScreen.storyboard */ = {
			isa = PBXVariantGroup;
			children = (
				49264ABC2329408800EE1F56 /* Base */,
			);
			name = LaunchScreen.storyboard;
			sourceTree = "<group>";
		};
/* End PBXVariantGroup section */

/* Begin XCBuildConfiguration section */
		49264ABF2329408800EE1F56 /* Debug */ = {
			isa = XCBuildConfiguration;
			buildSettings = {
				ALWAYS_SEARCH_USER_PATHS = NO;
				CLANG_ANALYZER_NONNULL = YES;
				CLANG_ANALYZER_NUMBER_OBJECT_CONVERSION = YES_AGGRESSIVE;
				CLANG_CXX_LANGUAGE_STANDARD = "gnu++14";
				CLANG_CXX_LIBRARY = "libc++";
				CLANG_ENABLE_MODULES = YES;
				CLANG_ENABLE_OBJC_ARC = YES;
				CLANG_ENABLE_OBJC_WEAK = YES;
				CLANG_WARN_BLOCK_CAPTURE_AUTORELEASING = YES;
				CLANG_WARN_BOOL_CONVERSION = YES;
				CLANG_WARN_COMMA = YES;
				CLANG_WARN_CONSTANT_CONVERSION = YES;
				CLANG_WARN_DEPRECATED_OBJC_IMPLEMENTATIONS = YES;
				CLANG_WARN_DIRECT_OBJC_ISA_USAGE = YES_ERROR;
				CLANG_WARN_DOCUMENTATION_COMMENTS = YES;
				CLANG_WARN_EMPTY_BODY = YES;
				CLANG_WARN_ENUM_CONVERSION = YES;
				CLANG_WARN_INFINITE_RECURSION = YES;
				CLANG_WARN_INT_CONVERSION = YES;
				CLANG_WARN_NON_LITERAL_NULL_CONVERSION = YES;
				CLANG_WARN_OBJC_IMPLICIT_RETAIN_SELF = YES;
				CLANG_WARN_OBJC_LITERAL_CONVERSION = YES;
				CLANG_WARN_OBJC_ROOT_CLASS = YES_ERROR;
				CLANG_WARN_RANGE_LOOP_ANALYSIS = YES;
				CLANG_WARN_STRICT_PROTOTYPES = YES;
				CLANG_WARN_SUSPICIOUS_MOVE = YES;
				CLANG_WARN_UNGUARDED_AVAILABILITY = YES_AGGRESSIVE;
				CLANG_WARN_UNREACHABLE_CODE = YES;
				CLANG_WARN__DUPLICATE_METHOD_MATCH = YES;
				CODE_SIGN_IDENTITY = "iPhone Developer";
				COPY_PHASE_STRIP = NO;
				DEBUG_INFORMATION_FORMAT = dwarf;
				ENABLE_STRICT_OBJC_MSGSEND = YES;
				ENABLE_TESTABILITY = YES;
				GCC_C_LANGUAGE_STANDARD = gnu11;
				GCC_DYNAMIC_NO_PIC = NO;
				GCC_NO_COMMON_BLOCKS = YES;
				GCC_OPTIMIZATION_LEVEL = 0;
				GCC_PREPROCESSOR_DEFINITIONS = (
					"DEBUG=1",
					"$(inherited)",
				);
				GCC_WARN_64_TO_32_BIT_CONVERSION = YES;
				GCC_WARN_ABOUT_RETURN_TYPE = YES_ERROR;
				GCC_WARN_UNDECLARED_SELECTOR = YES;
				GCC_WARN_UNINITIALIZED_AUTOS = YES_AGGRESSIVE;
				GCC_WARN_UNUSED_FUNCTION = YES;
				GCC_WARN_UNUSED_VARIABLE = YES;
				IPHONEOS_DEPLOYMENT_TARGET = 12.2;
				MTL_ENABLE_DEBUG_INFO = INCLUDE_SOURCE;
				MTL_FAST_MATH = YES;
				ONLY_ACTIVE_ARCH = YES;
				SDKROOT = iphoneos;
				SWIFT_ACTIVE_COMPILATION_CONDITIONS = DEBUG;
				SWIFT_OPTIMIZATION_LEVEL = "-Onone";
			};
			name = Debug;
		};
		49264AC02329408800EE1F56 /* Release */ = {
			isa = XCBuildConfiguration;
			buildSettings = {
				ALWAYS_SEARCH_USER_PATHS = NO;
				CLANG_ANALYZER_NONNULL = YES;
				CLANG_ANALYZER_NUMBER_OBJECT_CONVERSION = YES_AGGRESSIVE;
				CLANG_CXX_LANGUAGE_STANDARD = "gnu++14";
				CLANG_CXX_LIBRARY = "libc++";
				CLANG_ENABLE_MODULES = YES;
				CLANG_ENABLE_OBJC_ARC = YES;
				CLANG_ENABLE_OBJC_WEAK = YES;
				CLANG_WARN_BLOCK_CAPTURE_AUTORELEASING = YES;
				CLANG_WARN_BOOL_CONVERSION = YES;
				CLANG_WARN_COMMA = YES;
				CLANG_WARN_CONSTANT_CONVERSION = YES;
				CLANG_WARN_DEPRECATED_OBJC_IMPLEMENTATIONS = YES;
				CLANG_WARN_DIRECT_OBJC_ISA_USAGE = YES_ERROR;
				CLANG_WARN_DOCUMENTATION_COMMENTS = YES;
				CLANG_WARN_EMPTY_BODY = YES;
				CLANG_WARN_ENUM_CONVERSION = YES;
				CLANG_WARN_INFINITE_RECURSION = YES;
				CLANG_WARN_INT_CONVERSION = YES;
				CLANG_WARN_NON_LITERAL_NULL_CONVERSION = YES;
				CLANG_WARN_OBJC_IMPLICIT_RETAIN_SELF = YES;
				CLANG_WARN_OBJC_LITERAL_CONVERSION = YES;
				CLANG_WARN_OBJC_ROOT_CLASS = YES_ERROR;
				CLANG_WARN_RANGE_LOOP_ANALYSIS = YES;
				CLANG_WARN_STRICT_PROTOTYPES = YES;
				CLANG_WARN_SUSPICIOUS_MOVE = YES;
				CLANG_WARN_UNGUARDED_AVAILABILITY = YES_AGGRESSIVE;
				CLANG_WARN_UNREACHABLE_CODE = YES;
				CLANG_WARN__DUPLICATE_METHOD_MATCH = YES;
				CODE_SIGN_IDENTITY = "iPhone Developer";
				COPY_PHASE_STRIP = NO;
				DEBUG_INFORMATION_FORMAT = "dwarf-with-dsym";
				ENABLE_NS_ASSERTIONS = NO;
				ENABLE_STRICT_OBJC_MSGSEND = YES;
				GCC_C_LANGUAGE_STANDARD = gnu11;
				GCC_NO_COMMON_BLOCKS = YES;
				GCC_WARN_64_TO_32_BIT_CONVERSION = YES;
				GCC_WARN_ABOUT_RETURN_TYPE = YES_ERROR;
				GCC_WARN_UNDECLARED_SELECTOR = YES;
				GCC_WARN_UNINITIALIZED_AUTOS = YES_AGGRESSIVE;
				GCC_WARN_UNUSED_FUNCTION = YES;
				GCC_WARN_UNUSED_VARIABLE = YES;
				IPHONEOS_DEPLOYMENT_TARGET = 12.2;
				MTL_ENABLE_DEBUG_INFO = NO;
				MTL_FAST_MATH = YES;
				SDKROOT = iphoneos;
				SWIFT_COMPILATION_MODE = wholemodule;
				SWIFT_OPTIMIZATION_LEVEL = "-O";
				VALIDATE_PRODUCT = YES;
			};
			name = Release;
		};
		49264AC22329408800EE1F56 /* Debug */ = {
			isa = XCBuildConfiguration;
			baseConfigurationReference = 7737FC4ED393D5DE3019CA2E /* Pods-Todoey.debug.xcconfig */;
			buildSettings = {
				ASSETCATALOG_COMPILER_APPICON_NAME = AppIcon;
				CODE_SIGN_STYLE = Automatic;
				DEVELOPMENT_TEAM = CTH79468M9;
				INFOPLIST_FILE = Todoey/Info.plist;
				LD_RUNPATH_SEARCH_PATHS = (
					"$(inherited)",
					"@executable_path/Frameworks",
				);
				PRODUCT_BUNDLE_IDENTIFIER = com.annekatrindunkel.Todoey;
				PRODUCT_NAME = "$(TARGET_NAME)";
				SWIFT_VERSION = 5.0;
				TARGETED_DEVICE_FAMILY = "1,2";
			};
			name = Debug;
		};
		49264AC32329408800EE1F56 /* Release */ = {
			isa = XCBuildConfiguration;
			baseConfigurationReference = CA9448D9A3D5BFF5CA9D8BDE /* Pods-Todoey.release.xcconfig */;
			buildSettings = {
				ASSETCATALOG_COMPILER_APPICON_NAME = AppIcon;
				CODE_SIGN_STYLE = Automatic;
				DEVELOPMENT_TEAM = CTH79468M9;
				INFOPLIST_FILE = Todoey/Info.plist;
				LD_RUNPATH_SEARCH_PATHS = (
					"$(inherited)",
					"@executable_path/Frameworks",
				);
				PRODUCT_BUNDLE_IDENTIFIER = com.annekatrindunkel.Todoey;
				PRODUCT_NAME = "$(TARGET_NAME)";
				SWIFT_VERSION = 5.0;
				TARGETED_DEVICE_FAMILY = "1,2";
			};
			name = Release;
		};
/* End XCBuildConfiguration section */

/* Begin XCConfigurationList section */
		49264AAA2329408700EE1F56 /* Build configuration list for PBXProject "Todoey" */ = {
			isa = XCConfigurationList;
			buildConfigurations = (
				49264ABF2329408800EE1F56 /* Debug */,
				49264AC02329408800EE1F56 /* Release */,
			);
			defaultConfigurationIsVisible = 0;
			defaultConfigurationName = Release;
		};
		49264AC12329408800EE1F56 /* Build configuration list for PBXNativeTarget "Todoey" */ = {
			isa = XCConfigurationList;
			buildConfigurations = (
				49264AC22329408800EE1F56 /* Debug */,
				49264AC32329408800EE1F56 /* Release */,
			);
			defaultConfigurationIsVisible = 0;
			defaultConfigurationName = Release;
		};
/* End XCConfigurationList section */
	};
	rootObject = 49264AA72329408700EE1F56 /* Project object */;
}
